// !$*UTF8*$!
{
	archiveVersion = 1;
	classes = {
	};
	objectVersion = 46;
	objects = {

/* Begin PBXBuildFile section */
		596AE04E1F18079B0047CC92 /* UIImage+Resize.swift in Sources */ = {isa = PBXBuildFile; fileRef = 596AE04D1F18079B0047CC92 /* UIImage+Resize.swift */; };
		596AE0501F1809DC0047CC92 /* Search.swift in Sources */ = {isa = PBXBuildFile; fileRef = 596AE04F1F1809DC0047CC92 /* Search.swift */; };
		596EF5E01F17B9A30096D96E /* LandscapeViewController.swift in Sources */ = {isa = PBXBuildFile; fileRef = 596EF5DF1F17B9A30096D96E /* LandscapeViewController.swift */; };
		596EF5E21F17CF310096D96E /* FadeOutAnimationController.swift in Sources */ = {isa = PBXBuildFile; fileRef = 596EF5E11F17CF310096D96E /* FadeOutAnimationController.swift */; };
		597576741F1560B400B12709 /* GradientView.swift in Sources */ = {isa = PBXBuildFile; fileRef = 597576731F1560B400B12709 /* GradientView.swift */; };
		597576761F156EE500B12709 /* BounceAnimationController.swift in Sources */ = {isa = PBXBuildFile; fileRef = 597576751F156EE500B12709 /* BounceAnimationController.swift */; };
		597576781F1575E600B12709 /* SlideOutAnimationController.swift in Sources */ = {isa = PBXBuildFile; fileRef = 597576771F1575E600B12709 /* SlideOutAnimationController.swift */; };
		5975C96D1F0DA13B0006B5F9 /* UIImageView+DownloadImage.swift in Sources */ = {isa = PBXBuildFile; fileRef = 5975C96C1F0DA13B0006B5F9 /* UIImageView+DownloadImage.swift */; };
		5975C96F1F0E535A0006B5F9 /* DetailViewController.swift in Sources */ = {isa = PBXBuildFile; fileRef = 5975C96E1F0E535A0006B5F9 /* DetailViewController.swift */; };
		5975C9711F0E58DC0006B5F9 /* DimmingPresentationController.swift in Sources */ = {isa = PBXBuildFile; fileRef = 5975C9701F0E58DC0006B5F9 /* DimmingPresentationController.swift */; };
		599F37E51F0AB987000D2605 /* SearchResult.swift in Sources */ = {isa = PBXBuildFile; fileRef = 599F37E41F0AB987000D2605 /* SearchResult.swift */; };
		599F37E91F0ADE9F000D2605 /* SearchResultCell.swift in Sources */ = {isa = PBXBuildFile; fileRef = 599F37E81F0ADE9F000D2605 /* SearchResultCell.swift */; };
		59CEAB001F19066800667231 /* NothingFoundCell.xib in Resources */ = {isa = PBXBuildFile; fileRef = 59CEAB021F19066800667231 /* NothingFoundCell.xib */; };
		59CEAB051F190B0100667231 /* LoadingCell.xib in Resources */ = {isa = PBXBuildFile; fileRef = 59CEAB071F190B0100667231 /* LoadingCell.xib */; };
		59CEAB101F19122700667231 /* SearchResultCell.xib in Resources */ = {isa = PBXBuildFile; fileRef = 59CEAB121F19122700667231 /* SearchResultCell.xib */; };
		59CEAB151F19175F00667231 /* Localizable.strings in Resources */ = {isa = PBXBuildFile; fileRef = 59CEAB131F19175F00667231 /* Localizable.strings */; };
		59CEAB201F19227700667231 /* Info.plist in Resources */ = {isa = PBXBuildFile; fileRef = 59CEAB1F1F19227700667231 /* Info.plist */; };
		59CEAB231F19236600667231 /* InfoPlist.strings in Resources */ = {isa = PBXBuildFile; fileRef = 59CEAB251F19236600667231 /* InfoPlist.strings */; };
		59DA53161F0AA3E5006F7CAD /* AppDelegate.swift in Sources */ = {isa = PBXBuildFile; fileRef = 59DA53151F0AA3E5006F7CAD /* AppDelegate.swift */; };
		59DA53181F0AA3E5006F7CAD /* SearchViewController.swift in Sources */ = {isa = PBXBuildFile; fileRef = 59DA53171F0AA3E5006F7CAD /* SearchViewController.swift */; };
		59DA531B1F0AA3E5006F7CAD /* Main.storyboard in Resources */ = {isa = PBXBuildFile; fileRef = 59DA53191F0AA3E5006F7CAD /* Main.storyboard */; };
		59DA531D1F0AA3E5006F7CAD /* Assets.xcassets in Resources */ = {isa = PBXBuildFile; fileRef = 59DA531C1F0AA3E5006F7CAD /* Assets.xcassets */; };
/* End PBXBuildFile section */

/* Begin PBXFileReference section */
		596AE04D1F18079B0047CC92 /* UIImage+Resize.swift */ = {isa = PBXFileReference; fileEncoding = 4; lastKnownFileType = sourcecode.swift; path = "UIImage+Resize.swift"; sourceTree = "<group>"; };
		596AE04F1F1809DC0047CC92 /* Search.swift */ = {isa = PBXFileReference; fileEncoding = 4; lastKnownFileType = sourcecode.swift; path = Search.swift; sourceTree = "<group>"; };
		596EF5DF1F17B9A30096D96E /* LandscapeViewController.swift */ = {isa = PBXFileReference; fileEncoding = 4; lastKnownFileType = sourcecode.swift; path = LandscapeViewController.swift; sourceTree = "<group>"; };
		596EF5E11F17CF310096D96E /* FadeOutAnimationController.swift */ = {isa = PBXFileReference; fileEncoding = 4; lastKnownFileType = sourcecode.swift; path = FadeOutAnimationController.swift; sourceTree = "<group>"; };
		597576731F1560B400B12709 /* GradientView.swift */ = {isa = PBXFileReference; fileEncoding = 4; lastKnownFileType = sourcecode.swift; path = GradientView.swift; sourceTree = "<group>"; };
		597576751F156EE500B12709 /* BounceAnimationController.swift */ = {isa = PBXFileReference; fileEncoding = 4; lastKnownFileType = sourcecode.swift; path = BounceAnimationController.swift; sourceTree = "<group>"; };
		597576771F1575E600B12709 /* SlideOutAnimationController.swift */ = {isa = PBXFileReference; fileEncoding = 4; lastKnownFileType = sourcecode.swift; path = SlideOutAnimationController.swift; sourceTree = "<group>"; };
		5975C96C1F0DA13B0006B5F9 /* UIImageView+DownloadImage.swift */ = {isa = PBXFileReference; fileEncoding = 4; lastKnownFileType = sourcecode.swift; path = "UIImageView+DownloadImage.swift"; sourceTree = "<group>"; };
		5975C96E1F0E535A0006B5F9 /* DetailViewController.swift */ = {isa = PBXFileReference; fileEncoding = 4; lastKnownFileType = sourcecode.swift; path = DetailViewController.swift; sourceTree = "<group>"; };
		5975C9701F0E58DC0006B5F9 /* DimmingPresentationController.swift */ = {isa = PBXFileReference; fileEncoding = 4; lastKnownFileType = sourcecode.swift; path = DimmingPresentationController.swift; sourceTree = "<group>"; };
		599F37E41F0AB987000D2605 /* SearchResult.swift */ = {isa = PBXFileReference; fileEncoding = 4; lastKnownFileType = sourcecode.swift; path = SearchResult.swift; sourceTree = "<group>"; };
		599F37E81F0ADE9F000D2605 /* SearchResultCell.swift */ = {isa = PBXFileReference; fileEncoding = 4; lastKnownFileType = sourcecode.swift; path = SearchResultCell.swift; sourceTree = "<group>"; };
		59CEAB011F19066800667231 /* en */ = {isa = PBXFileReference; lastKnownFileType = file.xib; name = en; path = en.lproj/NothingFoundCell.xib; sourceTree = "<group>"; };
		59CEAB031F1906F000667231 /* nl */ = {isa = PBXFileReference; lastKnownFileType = file.xib; name = nl; path = nl.lproj/NothingFoundCell.xib; sourceTree = "<group>"; };
		59CEAB041F19070C00667231 /* uk */ = {isa = PBXFileReference; lastKnownFileType = file.xib; name = uk; path = uk.lproj/NothingFoundCell.xib; sourceTree = "<group>"; };
		59CEAB061F190B0100667231 /* Base */ = {isa = PBXFileReference; lastKnownFileType = file.xib; name = Base; path = Base.lproj/LoadingCell.xib; sourceTree = "<group>"; };
		59CEAB091F190B1500667231 /* nl */ = {isa = PBXFileReference; lastKnownFileType = text.plist.strings; name = nl; path = nl.lproj/LoadingCell.strings; sourceTree = "<group>"; };
		59CEAB0B1F190B1600667231 /* uk */ = {isa = PBXFileReference; lastKnownFileType = text.plist.strings; name = uk; path = uk.lproj/LoadingCell.strings; sourceTree = "<group>"; };
		59CEAB0D1F190E7D00667231 /* nl */ = {isa = PBXFileReference; lastKnownFileType = text.plist.strings; name = nl; path = nl.lproj/Main.strings; sourceTree = "<group>"; };
		59CEAB0F1F190E7F00667231 /* uk */ = {isa = PBXFileReference; lastKnownFileType = text.plist.strings; name = uk; path = uk.lproj/Main.strings; sourceTree = "<group>"; };
		59CEAB111F19122700667231 /* Base */ = {isa = PBXFileReference; lastKnownFileType = file.xib; name = Base; path = Base.lproj/SearchResultCell.xib; sourceTree = "<group>"; };
		59CEAB141F19175F00667231 /* en */ = {isa = PBXFileReference; lastKnownFileType = text.plist.strings; name = en; path = en.lproj/Localizable.strings; sourceTree = "<group>"; };
		59CEAB161F19186100667231 /* nl */ = {isa = PBXFileReference; lastKnownFileType = text.plist.strings; name = nl; path = nl.lproj/Localizable.strings; sourceTree = "<group>"; };
		59CEAB171F19186200667231 /* uk */ = {isa = PBXFileReference; lastKnownFileType = text.plist.strings; name = uk; path = uk.lproj/Localizable.strings; sourceTree = "<group>"; };
		59CEAB1F1F19227700667231 /* Info.plist */ = {isa = PBXFileReference; fileEncoding = 4; lastKnownFileType = text.plist.xml; path = Info.plist; sourceTree = "<group>"; };
		59CEAB241F19236600667231 /* Base */ = {isa = PBXFileReference; lastKnownFileType = text.plist.strings; name = Base; path = Base.lproj/InfoPlist.strings; sourceTree = "<group>"; };
		59CEAB261F19236800667231 /* nl */ = {isa = PBXFileReference; lastKnownFileType = text.plist.strings; name = nl; path = nl.lproj/InfoPlist.strings; sourceTree = "<group>"; };
		59CEAB271F19236900667231 /* uk */ = {isa = PBXFileReference; lastKnownFileType = text.plist.strings; name = uk; path = uk.lproj/InfoPlist.strings; sourceTree = "<group>"; };
		59DA53121F0AA3E5006F7CAD /* StoreSearch.app */ = {isa = PBXFileReference; explicitFileType = wrapper.application; includeInIndex = 0; path = StoreSearch.app; sourceTree = BUILT_PRODUCTS_DIR; };
		59DA53151F0AA3E5006F7CAD /* AppDelegate.swift */ = {isa = PBXFileReference; lastKnownFileType = sourcecode.swift; path = AppDelegate.swift; sourceTree = "<group>"; };
		59DA53171F0AA3E5006F7CAD /* SearchViewController.swift */ = {isa = PBXFileReference; lastKnownFileType = sourcecode.swift; path = SearchViewController.swift; sourceTree = "<group>"; };
		59DA531A1F0AA3E5006F7CAD /* Base */ = {isa = PBXFileReference; lastKnownFileType = file.storyboard; name = Base; path = Base.lproj/Main.storyboard; sourceTree = "<group>"; };
		59DA531C1F0AA3E5006F7CAD /* Assets.xcassets */ = {isa = PBXFileReference; lastKnownFileType = folder.assetcatalog; path = Assets.xcassets; sourceTree = "<group>"; };
/* End PBXFileReference section */

/* Begin PBXFrameworksBuildPhase section */
		59DA530F1F0AA3E5006F7CAD /* Frameworks */ = {
			isa = PBXFrameworksBuildPhase;
			buildActionMask = 2147483647;
			files = (
			);
			runOnlyForDeploymentPostprocessing = 0;
		};
/* End PBXFrameworksBuildPhase section */

/* Begin PBXGroup section */
		59DA53091F0AA3E5006F7CAD = {
			isa = PBXGroup;
			children = (
				59DA53141F0AA3E5006F7CAD /* StoreSearch */,
				59DA53131F0AA3E5006F7CAD /* Products */,
			);
			sourceTree = "<group>";
		};
		59DA53131F0AA3E5006F7CAD /* Products */ = {
			isa = PBXGroup;
			children = (
				59DA53121F0AA3E5006F7CAD /* StoreSearch.app */,
			);
			name = Products;
			sourceTree = "<group>";
		};
		59DA53141F0AA3E5006F7CAD /* StoreSearch */ = {
			isa = PBXGroup;
			children = (
				59CEAB1F1F19227700667231 /* Info.plist */,
				59CEAB131F19175F00667231 /* Localizable.strings */,
				59CEAB251F19236600667231 /* InfoPlist.strings */,
				59DA53151F0AA3E5006F7CAD /* AppDelegate.swift */,
				597576731F1560B400B12709 /* GradientView.swift */,
				597576751F156EE500B12709 /* BounceAnimationController.swift */,
				597576771F1575E600B12709 /* SlideOutAnimationController.swift */,
				5975C9701F0E58DC0006B5F9 /* DimmingPresentationController.swift */,
				5975C96E1F0E535A0006B5F9 /* DetailViewController.swift */,
				596EF5E11F17CF310096D96E /* FadeOutAnimationController.swift */,
				596EF5DF1F17B9A30096D96E /* LandscapeViewController.swift */,
				596AE04F1F1809DC0047CC92 /* Search.swift */,
				599F37E41F0AB987000D2605 /* SearchResult.swift */,
				599F37E81F0ADE9F000D2605 /* SearchResultCell.swift */,
				59DA53171F0AA3E5006F7CAD /* SearchViewController.swift */,
				596AE04D1F18079B0047CC92 /* UIImage+Resize.swift */,
				5975C96C1F0DA13B0006B5F9 /* UIImageView+DownloadImage.swift */,
				59DA531C1F0AA3E5006F7CAD /* Assets.xcassets */,
				59CEAB071F190B0100667231 /* LoadingCell.xib */,
				59CEAB021F19066800667231 /* NothingFoundCell.xib */,
				59CEAB121F19122700667231 /* SearchResultCell.xib */,
				59DA53191F0AA3E5006F7CAD /* Main.storyboard */,
			);
			path = StoreSearch;
			sourceTree = "<group>";
		};
/* End PBXGroup section */

/* Begin PBXNativeTarget section */
		59DA53111F0AA3E5006F7CAD /* StoreSearch */ = {
			isa = PBXNativeTarget;
			buildConfigurationList = 59DA53241F0AA3E5006F7CAD /* Build configuration list for PBXNativeTarget "StoreSearch" */;
			buildPhases = (
				59DA530E1F0AA3E5006F7CAD /* Sources */,
				59DA530F1F0AA3E5006F7CAD /* Frameworks */,
				59DA53101F0AA3E5006F7CAD /* Resources */,
			);
			buildRules = (
			);
			dependencies = (
			);
			name = StoreSearch;
			productName = StoreSearch;
			productReference = 59DA53121F0AA3E5006F7CAD /* StoreSearch.app */;
			productType = "com.apple.product-type.application";
		};
/* End PBXNativeTarget section */

/* Begin PBXProject section */
		59DA530A1F0AA3E5006F7CAD /* Project object */ = {
			isa = PBXProject;
			attributes = {
				LastSwiftUpdateCheck = 0830;
				LastUpgradeCheck = 0830;
				ORGANIZATIONNAME = "Dmytro Pasinchuk";
				TargetAttributes = {
					59DA53111F0AA3E5006F7CAD = {
						CreatedOnToolsVersion = 8.3.2;
						DevelopmentTeam = 2J5NKCM3ET;
						ProvisioningStyle = Automatic;
					};
				};
			};
			buildConfigurationList = 59DA530D1F0AA3E5006F7CAD /* Build configuration list for PBXProject "StoreSearch" */;
			compatibilityVersion = "Xcode 3.2";
			developmentRegion = English;
			hasScannedForEncodings = 0;
			knownRegions = (
				en,
				Base,
				nl,
				uk,
			);
			mainGroup = 59DA53091F0AA3E5006F7CAD;
			productRefGroup = 59DA53131F0AA3E5006F7CAD /* Products */;
			projectDirPath = "";
			projectRoot = "";
			targets = (
				59DA53111F0AA3E5006F7CAD /* StoreSearch */,
			);
		};
/* End PBXProject section */

/* Begin PBXResourcesBuildPhase section */
		59DA53101F0AA3E5006F7CAD /* Resources */ = {
			isa = PBXResourcesBuildPhase;
			buildActionMask = 2147483647;
			files = (
				59CEAB201F19227700667231 /* Info.plist in Resources */,
				59CEAB231F19236600667231 /* InfoPlist.strings in Resources */,
				59DA531D1F0AA3E5006F7CAD /* Assets.xcassets in Resources */,
				59CEAB151F19175F00667231 /* Localizable.strings in Resources */,
				59CEAB051F190B0100667231 /* LoadingCell.xib in Resources */,
				59CEAB101F19122700667231 /* SearchResultCell.xib in Resources */,
				59CEAB001F19066800667231 /* NothingFoundCell.xib in Resources */,
				59DA531B1F0AA3E5006F7CAD /* Main.storyboard in Resources */,
			);
			runOnlyForDeploymentPostprocessing = 0;
		};
/* End PBXResourcesBuildPhase section */

/* Begin PBXSourcesBuildPhase section */
		59DA530E1F0AA3E5006F7CAD /* Sources */ = {
			isa = PBXSourcesBuildPhase;
			buildActionMask = 2147483647;
			files = (
				59DA53181F0AA3E5006F7CAD /* SearchViewController.swift in Sources */,
				5975C9711F0E58DC0006B5F9 /* DimmingPresentationController.swift in Sources */,
				596EF5E21F17CF310096D96E /* FadeOutAnimationController.swift in Sources */,
				599F37E51F0AB987000D2605 /* SearchResult.swift in Sources */,
				599F37E91F0ADE9F000D2605 /* SearchResultCell.swift in Sources */,
				596AE04E1F18079B0047CC92 /* UIImage+Resize.swift in Sources */,
				597576761F156EE500B12709 /* BounceAnimationController.swift in Sources */,
				596EF5E01F17B9A30096D96E /* LandscapeViewController.swift in Sources */,
				5975C96F1F0E535A0006B5F9 /* DetailViewController.swift in Sources */,
				59DA53161F0AA3E5006F7CAD /* AppDelegate.swift in Sources */,
				597576741F1560B400B12709 /* GradientView.swift in Sources */,
				5975C96D1F0DA13B0006B5F9 /* UIImageView+DownloadImage.swift in Sources */,
				597576781F1575E600B12709 /* SlideOutAnimationController.swift in Sources */,
				596AE0501F1809DC0047CC92 /* Search.swift in Sources */,
			);
			runOnlyForDeploymentPostprocessing = 0;
		};
/* End PBXSourcesBuildPhase section */

/* Begin PBXVariantGroup section */
		59CEAB021F19066800667231 /* NothingFoundCell.xib */ = {
			isa = PBXVariantGroup;
			children = (
				59CEAB011F19066800667231 /* en */,
				59CEAB031F1906F000667231 /* nl */,
				59CEAB041F19070C00667231 /* uk */,
			);
			name = NothingFoundCell.xib;
			sourceTree = "<group>";
		};
		59CEAB071F190B0100667231 /* LoadingCell.xib */ = {
			isa = PBXVariantGroup;
			children = (
				59CEAB061F190B0100667231 /* Base */,
				59CEAB091F190B1500667231 /* nl */,
				59CEAB0B1F190B1600667231 /* uk */,
			);
			name = LoadingCell.xib;
			sourceTree = "<group>";
		};
		59CEAB121F19122700667231 /* SearchResultCell.xib */ = {
			isa = PBXVariantGroup;
			children = (
				59CEAB111F19122700667231 /* Base */,
			);
			name = SearchResultCell.xib;
			sourceTree = "<group>";
		};
		59CEAB131F19175F00667231 /* Localizable.strings */ = {
			isa = PBXVariantGroup;
			children = (
				59CEAB141F19175F00667231 /* en */,
				59CEAB161F19186100667231 /* nl */,
				59CEAB171F19186200667231 /* uk */,
			);
			name = Localizable.strings;
			sourceTree = "<group>";
		};
		59CEAB251F19236600667231 /* InfoPlist.strings */ = {
			isa = PBXVariantGroup;
			children = (
				59CEAB241F19236600667231 /* Base */,
				59CEAB261F19236800667231 /* nl */,
				59CEAB271F19236900667231 /* uk */,
			);
			name = InfoPlist.strings;
			sourceTree = "<group>";
		};
		59DA53191F0AA3E5006F7CAD /* Main.storyboard */ = {
			isa = PBXVariantGroup;
			children = (
				59DA531A1F0AA3E5006F7CAD /* Base */,
				59CEAB0D1F190E7D00667231 /* nl */,
				59CEAB0F1F190E7F00667231 /* uk */,
			);
			name = Main.storyboard;
			sourceTree = "<group>";
		};
/* End PBXVariantGroup section */

/* Begin XCBuildConfiguration section */
		59DA53221F0AA3E5006F7CAD /* Debug */ = {
			isa = XCBuildConfiguration;
			buildSettings = {
				ALWAYS_SEARCH_USER_PATHS = NO;
				CLANG_ANALYZER_LOCALIZABILITY_NONLOCALIZED = YES;
				CLANG_ANALYZER_NONNULL = YES;
				CLANG_ANALYZER_NUMBER_OBJECT_CONVERSION = YES_AGGRESSIVE;
				CLANG_CXX_LANGUAGE_STANDARD = "gnu++0x";
				CLANG_CXX_LIBRARY = "libc++";
				CLANG_ENABLE_MODULES = YES;
				CLANG_ENABLE_OBJC_ARC = YES;
				CLANG_WARN_BOOL_CONVERSION = YES;
				CLANG_WARN_CONSTANT_CONVERSION = YES;
				CLANG_WARN_DIRECT_OBJC_ISA_USAGE = YES_ERROR;
				CLANG_WARN_DOCUMENTATION_COMMENTS = YES;
				CLANG_WARN_EMPTY_BODY = YES;
				CLANG_WARN_ENUM_CONVERSION = YES;
				CLANG_WARN_INFINITE_RECURSION = YES;
				CLANG_WARN_INT_CONVERSION = YES;
				CLANG_WARN_OBJC_ROOT_CLASS = YES_ERROR;
				CLANG_WARN_SUSPICIOUS_MOVE = YES;
				CLANG_WARN_UNREACHABLE_CODE = YES;
				CLANG_WARN__DUPLICATE_METHOD_MATCH = YES;
				"CODE_SIGN_IDENTITY[sdk=iphoneos*]" = "iPhone Developer";
				COPY_PHASE_STRIP = NO;
				DEBUG_INFORMATION_FORMAT = dwarf;
				ENABLE_STRICT_OBJC_MSGSEND = YES;
				ENABLE_TESTABILITY = YES;
				GCC_C_LANGUAGE_STANDARD = gnu99;
				GCC_DYNAMIC_NO_PIC = NO;
				GCC_NO_COMMON_BLOCKS = YES;
				GCC_OPTIMIZATION_LEVEL = 0;
				GCC_PREPROCESSOR_DEFINITIONS = (
					"DEBUG=1",
					"$(inherited)",
				);
				GCC_WARN_64_TO_32_BIT_CONVERSION = YES;
				GCC_WARN_ABOUT_RETURN_TYPE = YES_ERROR;
				GCC_WARN_UNDECLARED_SELECTOR = YES;
				GCC_WARN_UNINITIALIZED_AUTOS = YES_AGGRESSIVE;
				GCC_WARN_UNUSED_FUNCTION = YES;
				GCC_WARN_UNUSED_VARIABLE = YES;
				IPHONEOS_DEPLOYMENT_TARGET = 10.3;
				MTL_ENABLE_DEBUG_INFO = YES;
				ONLY_ACTIVE_ARCH = YES;
				SDKROOT = iphoneos;
				SWIFT_ACTIVE_COMPILATION_CONDITIONS = DEBUG;
				SWIFT_OPTIMIZATION_LEVEL = "-Onone";
			};
			name = Debug;
		};
		59DA53231F0AA3E5006F7CAD /* Release */ = {
			isa = XCBuildConfiguration;
			buildSettings = {
				ALWAYS_SEARCH_USER_PATHS = NO;
				CLANG_ANALYZER_LOCALIZABILITY_NONLOCALIZED = YES;
				CLANG_ANALYZER_NONNULL = YES;
				CLANG_ANALYZER_NUMBER_OBJECT_CONVERSION = YES_AGGRESSIVE;
				CLANG_CXX_LANGUAGE_STANDARD = "gnu++0x";
				CLANG_CXX_LIBRARY = "libc++";
				CLANG_ENABLE_MODULES = YES;
				CLANG_ENABLE_OBJC_ARC = YES;
				CLANG_WARN_BOOL_CONVERSION = YES;
				CLANG_WARN_CONSTANT_CONVERSION = YES;
				CLANG_WARN_DIRECT_OBJC_ISA_USAGE = YES_ERROR;
				CLANG_WARN_DOCUMENTATION_COMMENTS = YES;
				CLANG_WARN_EMPTY_BODY = YES;
				CLANG_WARN_ENUM_CONVERSION = YES;
				CLANG_WARN_INFINITE_RECURSION = YES;
				CLANG_WARN_INT_CONVERSION = YES;
				CLANG_WARN_OBJC_ROOT_CLASS = YES_ERROR;
				CLANG_WARN_SUSPICIOUS_MOVE = YES;
				CLANG_WARN_UNREACHABLE_CODE = YES;
				CLANG_WARN__DUPLICATE_METHOD_MATCH = YES;
				"CODE_SIGN_IDENTITY[sdk=iphoneos*]" = "iPhone Developer";
				COPY_PHASE_STRIP = NO;
				DEBUG_INFORMATION_FORMAT = "dwarf-with-dsym";
				ENABLE_NS_ASSERTIONS = NO;
				ENABLE_STRICT_OBJC_MSGSEND = YES;
				GCC_C_LANGUAGE_STANDARD = gnu99;
				GCC_NO_COMMON_BLOCKS = YES;
				GCC_WARN_64_TO_32_BIT_CONVERSION = YES;
				GCC_WARN_ABOUT_RETURN_TYPE = YES_ERROR;
				GCC_WARN_UNDECLARED_SELECTOR = YES;
				GCC_WARN_UNINITIALIZED_AUTOS = YES_AGGRESSIVE;
				GCC_WARN_UNUSED_FUNCTION = YES;
				GCC_WARN_UNUSED_VARIABLE = YES;
				IPHONEOS_DEPLOYMENT_TARGET = 10.3;
				MTL_ENABLE_DEBUG_INFO = NO;
				SDKROOT = iphoneos;
				SWIFT_OPTIMIZATION_LEVEL = "-Owholemodule";
				VALIDATE_PRODUCT = YES;
			};
			name = Release;
		};
		59DA53251F0AA3E5006F7CAD /* Debug */ = {
			isa = XCBuildConfiguration;
			buildSettings = {
				ASSETCATALOG_COMPILER_APPICON_NAME = AppIcon;
				DEVELOPMENT_TEAM = 2J5NKCM3ET;
				INFOPLIST_FILE = StoreSearch/Info.plist;
				LD_RUNPATH_SEARCH_PATHS = "$(inherited) @executable_path/Frameworks";
				PRODUCT_BUNDLE_IDENTIFIER = com.passt0r.StoreSearch;
				PRODUCT_NAME = "$(TARGET_NAME)";
				SWIFT_VERSION = 3.0;
				TARGETED_DEVICE_FAMILY = "1,2";
			};
			name = Debug;
		};
		59DA53261F0AA3E5006F7CAD /* Release */ = {
			isa = XCBuildConfiguration;
			buildSettings = {
				ASSETCATALOG_COMPILER_APPICON_NAME = AppIcon;
				DEVELOPMENT_TEAM = 2J5NKCM3ET;
				INFOPLIST_FILE = StoreSearch/Info.plist;
				LD_RUNPATH_SEARCH_PATHS = "$(inherited) @executable_path/Frameworks";
				PRODUCT_BUNDLE_IDENTIFIER = com.passt0r.StoreSearch;
				PRODUCT_NAME = "$(TARGET_NAME)";
				SWIFT_VERSION = 3.0;
				TARGETED_DEVICE_FAMILY = "1,2";
			};
			name = Release;
		};
/* End XCBuildConfiguration section */

/* Begin XCConfigurationList section */
		59DA530D1F0AA3E5006F7CAD /* Build configuration list for PBXProject "StoreSearch" */ = {
			isa = XCConfigurationList;
			buildConfigurations = (
				59DA53221F0AA3E5006F7CAD /* Debug */,
				59DA53231F0AA3E5006F7CAD /* Release */,
			);
			defaultConfigurationIsVisible = 0;
			defaultConfigurationName = Release;
		};
		59DA53241F0AA3E5006F7CAD /* Build configuration list for PBXNativeTarget "StoreSearch" */ = {
			isa = XCConfigurationList;
			buildConfigurations = (
				59DA53251F0AA3E5006F7CAD /* Debug */,
				59DA53261F0AA3E5006F7CAD /* Release */,
			);
			defaultConfigurationIsVisible = 0;
			defaultConfigurationName = Release;
		};
/* End XCConfigurationList section */
	};
	rootObject = 59DA530A1F0AA3E5006F7CAD /* Project object */;
}
